
Microsoft Visual Studio Solution File, Format Version 12.00
# Visual Studio 15
VisualStudioVersion = 15.0.27130.2027
MinimumVisualStudioVersion = 10.0.40219.1
Project("{FAE04EC0-301F-11D3-BF4B-00C04F79EFBC}") = "PluginForAutoCAD", "PluginForAutoCAD\PluginForAutoCAD.csproj", "{834B7F25-581F-42AC-9AF4-64F3EDD3C10D}"
EndProject
Project("{911E67C6-3D85-4FCE-B560-20A9C3E3FF48}") = "acad", "..\..\..\..\Program Files\Autodesk\AutoCAD 2016\acad.exe", "{947CE286-9641-46B0-8D41-B6BA5DFF7BB1}"
	ProjectSection(DebuggerProjectSystem) = preProject
		PortSupplier = 00000000-0000-0000-0000-000000000000
		Executable = C:\Program Files\Autodesk\AutoCAD 2016\acad.exe
		RemoteMachine = IC-VT-401-8
		StartingDirectory = C:\Program Files\Autodesk\AutoCAD 2016
		Environment = По умолчанию
		LaunchingEngine = fb0d4648-f776-4980-95f8-bb7f36ebc1ee
		UseLegacyDebugEngines = No
		LaunchSQLEngine = No
		AttachLaunchAction = No
	EndProjectSection
EndProject
Global
	GlobalSection(SolutionConfigurationPlatforms) = preSolution
		Debug|Any CPU = Debug|Any CPU
		Debug|x86 = Debug|x86
		Release|Any CPU = Release|Any CPU
		Release|x86 = Release|x86
	EndGlobalSection
	GlobalSection(ProjectConfigurationPlatforms) = postSolution
		{834B7F25-581F-42AC-9AF4-64F3EDD3C10D}.Debug|Any CPU.ActiveCfg = Debug|Any CPU
		{834B7F25-581F-42AC-9AF4-64F3EDD3C10D}.Debug|Any CPU.Build.0 = Debug|Any CPU
		{834B7F25-581F-42AC-9AF4-64F3EDD3C10D}.Debug|x86.ActiveCfg = Debug|x86
		{834B7F25-581F-42AC-9AF4-64F3EDD3C10D}.Debug|x86.Build.0 = Debug|x86
		{834B7F25-581F-42AC-9AF4-64F3EDD3C10D}.Release|Any CPU.ActiveCfg = Release|Any CPU
		{834B7F25-581F-42AC-9AF4-64F3EDD3C10D}.Release|Any CPU.Build.0 = Release|Any CPU
		{834B7F25-581F-42AC-9AF4-64F3EDD3C10D}.Release|x86.ActiveCfg = Release|x86
		{834B7F25-581F-42AC-9AF4-64F3EDD3C10D}.Release|x86.Build.0 = Release|x86
		{947CE286-9641-46B0-8D41-B6BA5DFF7BB1}.Debug|Any CPU.ActiveCfg = Release|x86
		{947CE286-9641-46B0-8D41-B6BA5DFF7BB1}.Debug|x86.ActiveCfg = Release|x86
		{947CE286-9641-46B0-8D41-B6BA5DFF7BB1}.Release|Any CPU.ActiveCfg = Release|x86
		{947CE286-9641-46B0-8D41-B6BA5DFF7BB1}.Release|x86.ActiveCfg = Release|x86
	EndGlobalSection
	GlobalSection(SolutionProperties) = preSolution
		HideSolutionNode = FALSE
	EndGlobalSection
	GlobalSection(ExtensibilityGlobals) = postSolution
		SolutionGuid = {18283AD6-F852-4640-A96C-399BC9C2D445}
	EndGlobalSection
EndGlobal
